
Microsoft Visual Studio Solution File, Format Version 12.00
# Visual Studio Version 17
VisualStudioVersion = 17.0.31903.59
MinimumVisualStudioVersion = 10.0.40219.1
Project("{FAE04EC0-301F-11D3-BF4B-00C04F79EFBC}") = "PLT.CORE", "PLT.CORE\PLT.CORE.csproj", "{7DB67701-FD92-4FD8-8DA6-A833A60E58A8}"
EndProject
Project("{FAE04EC0-301F-11D3-BF4B-00C04F79EFBC}") = "PLT.CLI", "PLT.CLI\PLT.CLI.csproj", "{D853CFD8-811E-4D5C-B08C-097E74F2B5B5}"
EndProject
Project("{FAE04EC0-301F-11D3-BF4B-00C04F79EFBC}") = "PLT.TESTS", "PLT.TESTS\PLT.TESTS.csproj", "{1D1FBD54-4790-46CF-9C9A-1096FF5DEA1E}"
EndProject
Global
	GlobalSection(SolutionConfigurationPlatforms) = preSolution
		Debug|Any CPU = Debug|Any CPU
		Release|Any CPU = Release|Any CPU
	EndGlobalSection
	GlobalSection(SolutionProperties) = preSolution
		HideSolutionNode = FALSE
	EndGlobalSection
	GlobalSection(ProjectConfigurationPlatforms) = postSolution
		{7DB67701-FD92-4FD8-8DA6-A833A60E58A8}.Debug|Any CPU.ActiveCfg = Debug|Any CPU
		{7DB67701-FD92-4FD8-8DA6-A833A60E58A8}.Debug|Any CPU.Build.0 = Debug|Any CPU
		{7DB67701-FD92-4FD8-8DA6-A833A60E58A8}.Release|Any CPU.ActiveCfg = Release|Any CPU
		{7DB67701-FD92-4FD8-8DA6-A833A60E58A8}.Release|Any CPU.Build.0 = Release|Any CPU
		{D853CFD8-811E-4D5C-B08C-097E74F2B5B5}.Debug|Any CPU.ActiveCfg = Debug|Any CPU
		{D853CFD8-811E-4D5C-B08C-097E74F2B5B5}.Debug|Any CPU.Build.0 = Debug|Any CPU
		{D853CFD8-811E-4D5C-B08C-097E74F2B5B5}.Release|Any CPU.ActiveCfg = Release|Any CPU
		{D853CFD8-811E-4D5C-B08C-097E74F2B5B5}.Release|Any CPU.Build.0 = Release|Any CPU
		{1D1FBD54-4790-46CF-9C9A-1096FF5DEA1E}.Debug|Any CPU.ActiveCfg = Debug|Any CPU
		{1D1FBD54-4790-46CF-9C9A-1096FF5DEA1E}.Debug|Any CPU.Build.0 = Debug|Any CPU
		{1D1FBD54-4790-46CF-9C9A-1096FF5DEA1E}.Release|Any CPU.ActiveCfg = Release|Any CPU
		{1D1FBD54-4790-46CF-9C9A-1096FF5DEA1E}.Release|Any CPU.Build.0 = Release|Any CPU
	EndGlobalSection
EndGlobal
